{
  "originHash" : "439e4d784b92cab3a83d848205c75a7db58592f53700ed143dde8e73ab14e13a",
  "pins" : [
    {
      "identity" : "pulsator",
      "kind" : "remoteSourceControl",
      "location" : "https://github.com/shu223/Pulsator.git",
      "state" : {
        "revision" : "144e160aa9ff75de5ab88a91d8a2767942d97836",
        "version" : "0.6.3"
      }
    }
  ],
  "version" : 3
}
